{
  "name": "bi-directional-communication",
  "version": "1.0.0",
  "lockfileVersion": 3,
  "requires": true,
  "packages": {
    "": {
      "name": "bi-directional-communication",
      "version": "1.0.0",
      "license": "MIT",
      "dependencies": {
        "scalability": "^0.3.0"
      },
      "devDependencies": {
        "@types/node": "^20.6.2",
        "typescript": "^5.1.6"
      }
    },
    "node_modules/@types/node": {
      "version": "20.17.14",
      "resolved": "https://registry.npmjs.org/@types/node/-/node-20.17.14.tgz",
      "integrity": "sha512-w6qdYetNL5KRBiSClK/KWai+2IMEJuAj+EujKCumalFOwXtvOXaEan9AuwcRID2IcOIAWSIfR495hBtgKlx2zg==",
      "dev": true,
      "license": "MIT",
      "dependencies": {
        "undici-types": "~6.19.2"
      }
    },
    "node_modules/network-services": {
      "version": "0.3.2",
      "resolved": "https://registry.npmjs.org/network-services/-/network-services-0.3.2.tgz",
      "integrity": "sha512-Etpuf6yKPVttvFKZKt//lLzAp99oxlyWxKKd+7vHJs5hcJfuClRp3mMuVK5bzHN5Zd7sZHIzLW3gdfUqSvVmYQ==",
      "deprecated": "See CHANGELOG.md Fixed 1.1.0.",
      "license": "MIT"
    },
    "node_modules/scalability": {
      "version": "0.3.1",
      "resolved": "https://registry.npmjs.org/scalability/-/scalability-0.3.1.tgz",
      "integrity": "sha512-iFK6hdqCSE35XS/AAj9tOdMuVjKyniJ7CKux7a7lMiHC0w5iXebabpG7vMMMGy1MKXBT6OJl4IQY9i7vLeGKjA==",
      "license": "MIT",
      "dependencies": {
        "network-services": "^0.3.0"
      }
    },
    "node_modules/typescript": {
      "version": "5.7.3",
      "resolved": "https://registry.npmjs.org/typescript/-/typescript-5.7.3.tgz",
      "integrity": "sha512-84MVSjMEHP+FQRPy3pX9sTVV/INIex71s9TL2Gm5FG/WG1SqXeKyZ0k7/blY/4FdOzI12CBy1vGc4og/eus0fw==",
      "dev": true,
      "license": "Apache-2.0",
      "bin": {
        "tsc": "bin/tsc",
        "tsserver": "bin/tsserver"
      },
      "engines": {
        "node": ">=14.17"
      }
    },
    "node_modules/undici-types": {
      "version": "6.19.8",
      "resolved": "https://registry.npmjs.org/undici-types/-/undici-types-6.19.8.tgz",
      "integrity": "sha512-ve2KP6f/JnbPBFyobGHuerC9g1FYGn/F8n1LWTwNxCEzd6IfqTwUQcNXgEtmmQ6DlRrC1hrSrBnCZPokRrDHjw==",
      "dev": true,
      "license": "MIT"
    }
  }
}
